// !$*UTF8*$!
{
	archiveVersion = 1;
	classes = {
	};
	objectVersion = 46;
	objects = {

/* Begin PBXBuildFile section */
		F15599591B96C8670025D08E /* main.m in Sources */ = {isa = PBXBuildFile; fileRef = F15599581B96C8670025D08E /* main.m */; };
		F155995C1B96C8670025D08E /* AppDelegate.m in Sources */ = {isa = PBXBuildFile; fileRef = F155995B1B96C8670025D08E /* AppDelegate.m */; };
		F155995F1B96C8670025D08E /* ViewController.m in Sources */ = {isa = PBXBuildFile; fileRef = F155995E1B96C8670025D08E /* ViewController.m */; };
		F15599621B96C8670025D08E /* Main.storyboard in Resources */ = {isa = PBXBuildFile; fileRef = F15599601B96C8670025D08E /* Main.storyboard */; };
		F15599641B96C8670025D08E /* Images.xcassets in Resources */ = {isa = PBXBuildFile; fileRef = F15599631B96C8670025D08E /* Images.xcassets */; };
		F15599671B96C8670025D08E /* LaunchScreen.xib in Resources */ = {isa = PBXBuildFile; fileRef = F15599651B96C8670025D08E /* LaunchScreen.xib */; };
		F15599731B96C8670025D08E /* AutoLayoutTests.m in Sources */ = {isa = PBXBuildFile; fileRef = F15599721B96C8670025D08E /* AutoLayoutTests.m */; };
/* End PBXBuildFile section */

/* Begin PBXContainerItemProxy section */
		F155996D1B96C8670025D08E /* PBXContainerItemProxy */ = {
			isa = PBXContainerItemProxy;
			containerPortal = F155994B1B96C8670025D08E /* Project object */;
			proxyType = 1;
			remoteGlobalIDString = F15599521B96C8670025D08E;
			remoteInfo = AutoLayout;
		};
/* End PBXContainerItemProxy section */

/* Begin PBXFileReference section */
		F15599531B96C8670025D08E /* AutoLayout.app */ = {isa = PBXFileReference; explicitFileType = wrapper.application; includeInIndex = 0; path = AutoLayout.app; sourceTree = BUILT_PRODUCTS_DIR; };
		F15599571B96C8670025D08E /* Info.plist */ = {isa = PBXFileReference; lastKnownFileType = text.plist.xml; path = Info.plist; sourceTree = "<group>"; };
		F15599581B96C8670025D08E /* main.m */ = {isa = PBXFileReference; lastKnownFileType = sourcecode.c.objc; path = main.m; sourceTree = "<group>"; };
		F155995A1B96C8670025D08E /* AppDelegate.h */ = {isa = PBXFileReference; lastKnownFileType = sourcecode.c.h; path = AppDelegate.h; sourceTree = "<group>"; };
		F155995B1B96C8670025D08E /* AppDelegate.m */ = {isa = PBXFileReference; lastKnownFileType = sourcecode.c.objc; path = AppDelegate.m; sourceTree = "<group>"; };
		F155995D1B96C8670025D08E /* ViewController.h */ = {isa = PBXFileReference; lastKnownFileType = sourcecode.c.h; path = ViewController.h; sourceTree = "<group>"; };
		F155995E1B96C8670025D08E /* ViewController.m */ = {isa = PBXFileReference; lastKnownFileType = sourcecode.c.objc; path = ViewController.m; sourceTree = "<group>"; };
		F15599611B96C8670025D08E /* Base */ = {isa = PBXFileReference; lastKnownFileType = file.storyboard; name = Base; path = Base.lproj/Main.storyboard; sourceTree = "<group>"; };
		F15599631B96C8670025D08E /* Images.xcassets */ = {isa = PBXFileReference; lastKnownFileType = folder.assetcatalog; path = Images.xcassets; sourceTree = "<group>"; };
		F15599661B96C8670025D08E /* Base */ = {isa = PBXFileReference; lastKnownFileType = file.xib; name = Base; path = Base.lproj/LaunchScreen.xib; sourceTree = "<group>"; };
		F155996C1B96C8670025D08E /* AutoLayoutTests.xctest */ = {isa = PBXFileReference; explicitFileType = wrapper.cfbundle; includeInIndex = 0; path = AutoLayoutTests.xctest; sourceTree = BUILT_PRODUCTS_DIR; };
		F15599711B96C8670025D08E /* Info.plist */ = {isa = PBXFileReference; lastKnownFileType = text.plist.xml; path = Info.plist; sourceTree = "<group>"; };
		F15599721B96C8670025D08E /* AutoLayoutTests.m */ = {isa = PBXFileReference; lastKnownFileType = sourcecode.c.objc; path = AutoLayoutTests.m; sourceTree = "<group>"; };
/* End PBXFileReference section */

/* Begin PBXFrameworksBuildPhase section */
		F15599501B96C8670025D08E /* Frameworks */ = {
			isa = PBXFrameworksBuildPhase;
			buildActionMask = 2147483647;
			files = (
			);
			runOnlyForDeploymentPostprocessing = 0;
		};
		F15599691B96C8670025D08E /* Frameworks */ = {
			isa = PBXFrameworksBuildPhase;
			buildActionMask = 2147483647;
			files = (
			);
			runOnlyForDeploymentPostprocessing = 0;
		};
/* End PBXFrameworksBuildPhase section */

/* Begin PBXGroup section */
		F155994A1B96C8670025D08E = {
			isa = PBXGroup;
			children = (
				F15599551B96C8670025D08E /* AutoLayout */,
				F155996F1B96C8670025D08E /* AutoLayoutTests */,
				F15599541B96C8670025D08E /* Products */,
			);
			sourceTree = "<group>";
		};
		F15599541B96C8670025D08E /* Products */ = {
			isa = PBXGroup;
			children = (
				F15599531B96C8670025D08E /* AutoLayout.app */,
				F155996C1B96C8670025D08E /* AutoLayoutTests.xctest */,
			);
			name = Products;
			sourceTree = "<group>";
		};
		F15599551B96C8670025D08E /* AutoLayout */ = {
			isa = PBXGroup;
			children = (
				F155995A1B96C8670025D08E /* AppDelegate.h */,
				F155995B1B96C8670025D08E /* AppDelegate.m */,
				F155995D1B96C8670025D08E /* ViewController.h */,
				F155995E1B96C8670025D08E /* ViewController.m */,
				F15599601B96C8670025D08E /* Main.storyboard */,
				F15599631B96C8670025D08E /* Images.xcassets */,
				F15599651B96C8670025D08E /* LaunchScreen.xib */,
				F15599561B96C8670025D08E /* Supporting Files */,
			);
			path = AutoLayout;
			sourceTree = "<group>";
		};
		F15599561B96C8670025D08E /* Supporting Files */ = {
			isa = PBXGroup;
			children = (
				F15599571B96C8670025D08E /* Info.plist */,
				F15599581B96C8670025D08E /* main.m */,
			);
			name = "Supporting Files";
			sourceTree = "<group>";
		};
		F155996F1B96C8670025D08E /* AutoLayoutTests */ = {
			isa = PBXGroup;
			children = (
				F15599721B96C8670025D08E /* AutoLayoutTests.m */,
				F15599701B96C8670025D08E /* Supporting Files */,
			);
			path = AutoLayoutTests;
			sourceTree = "<group>";
		};
		F15599701B96C8670025D08E /* Supporting Files */ = {
			isa = PBXGroup;
			children = (
				F15599711B96C8670025D08E /* Info.plist */,
			);
			name = "Supporting Files";
			sourceTree = "<group>";
		};
/* End PBXGroup section */

/* Begin PBXNativeTarget section */
		F15599521B96C8670025D08E /* AutoLayout */ = {
			isa = PBXNativeTarget;
			buildConfigurationList = F15599761B96C8670025D08E /* Build configuration list for PBXNativeTarget "AutoLayout" */;
			buildPhases = (
				F155994F1B96C8670025D08E /* Sources */,
				F15599501B96C8670025D08E /* Frameworks */,
				F15599511B96C8670025D08E /* Resources */,
			);
			buildRules = (
			);
			dependencies = (
			);
			name = AutoLayout;
			productName = AutoLayout;
			productReference = F15599531B96C8670025D08E /* AutoLayout.app */;
			productType = "com.apple.product-type.application";
		};
		F155996B1B96C8670025D08E /* AutoLayoutTests */ = {
			isa = PBXNativeTarget;
			buildConfigurationList = F15599791B96C8670025D08E /* Build configuration list for PBXNativeTarget "AutoLayoutTests" */;
			buildPhases = (
				F15599681B96C8670025D08E /* Sources */,
				F15599691B96C8670025D08E /* Frameworks */,
				F155996A1B96C8670025D08E /* Resources */,
			);
			buildRules = (
			);
			dependencies = (
				F155996E1B96C8670025D08E /* PBXTargetDependency */,
			);
			name = AutoLayoutTests;
			productName = AutoLayoutTests;
			productReference = F155996C1B96C8670025D08E /* AutoLayoutTests.xctest */;
			productType = "com.apple.product-type.bundle.unit-test";
		};
/* End PBXNativeTarget section */

/* Begin PBXProject section */
		F155994B1B96C8670025D08E /* Project object */ = {
			isa = PBXProject;
			attributes = {
				LastUpgradeCheck = 0640;
				ORGANIZATIONNAME = "多棱镜";
				TargetAttributes = {
					F15599521B96C8670025D08E = {
						CreatedOnToolsVersion = 6.4;
					};
					F155996B1B96C8670025D08E = {
						CreatedOnToolsVersion = 6.4;
						TestTargetID = F15599521B96C8670025D08E;
					};
				};
			};
			buildConfigurationList = F155994E1B96C8670025D08E /* Build configuration list for PBXProject "AutoLayout" */;
			compatibilityVersion = "Xcode 3.2";
			developmentRegion = English;
			hasScannedForEncodings = 0;
			knownRegions = (
				en,
				Base,
			);
			mainGroup = F155994A1B96C8670025D08E;
			productRefGroup = F15599541B96C8670025D08E /* Products */;
			projectDirPath = "";
			projectRoot = "";
			targets = (
				F15599521B96C8670025D08E /* AutoLayout */,
				F155996B1B96C8670025D08E /* AutoLayoutTests */,
			);
		};
/* End PBXProject section */

/* Begin PBXResourcesBuildPhase section */
		F15599511B96C8670025D08E /* Resources */ = {
			isa = PBXResourcesBuildPhase;
			buildActionMask = 2147483647;
			files = (
				F15599621B96C8670025D08E /* Main.storyboard in Resources */,
				F15599671B96C8670025D08E /* LaunchScreen.xib in Resources */,
				F15599641B96C8670025D08E /* Images.xcassets in Resources */,
			);
			runOnlyForDeploymentPostprocessing = 0;
		};
		F155996A1B96C8670025D08E /* Resources */ = {
			isa = PBXResourcesBuildPhase;
			buildActionMask = 2147483647;
			files = (
			);
			runOnlyForDeploymentPostprocessing = 0;
		};
/* End PBXResourcesBuildPhase section */

/* Begin PBXSourcesBuildPhase section */
		F155994F1B96C8670025D08E /* Sources */ = {
			isa = PBXSourcesBuildPhase;
			buildActionMask = 2147483647;
			files = (
				F155995F1B96C8670025D08E /* ViewController.m in Sources */,
				F155995C1B96C8670025D08E /* AppDelegate.m in Sources */,
				F15599591B96C8670025D08E /* main.m in Sources */,
			);
			runOnlyForDeploymentPostprocessing = 0;
		};
		F15599681B96C8670025D08E /* Sources */ = {
			isa = PBXSourcesBuildPhase;
			buildActionMask = 2147483647;
			files = (
				F15599731B96C8670025D08E /* AutoLayoutTests.m in Sources */,
			);
			runOnlyForDeploymentPostprocessing = 0;
		};
/* End PBXSourcesBuildPhase section */

/* Begin PBXTargetDependency section */
		F155996E1B96C8670025D08E /* PBXTargetDependency */ = {
			isa = PBXTargetDependency;
			target = F15599521B96C8670025D08E /* AutoLayout */;
			targetProxy = F155996D1B96C8670025D08E /* PBXContainerItemProxy */;
		};
/* End PBXTargetDependency section */

/* Begin PBXVariantGroup section */
		F15599601B96C8670025D08E /* Main.storyboard */ = {
			isa = PBXVariantGroup;
			children = (
				F15599611B96C8670025D08E /* Base */,
			);
			name = Main.storyboard;
			sourceTree = "<group>";
		};
		F15599651B96C8670025D08E /* LaunchScreen.xib */ = {
			isa = PBXVariantGroup;
			children = (
				F15599661B96C8670025D08E /* Base */,
			);
			name = LaunchScreen.xib;
			sourceTree = "<group>";
		};
/* End PBXVariantGroup section */

/* Begin XCBuildConfiguration section */
		F15599741B96C8670025D08E /* Debug */ = {
			isa = XCBuildConfiguration;
			buildSettings = {
				ALWAYS_SEARCH_USER_PATHS = NO;
				CLANG_CXX_LANGUAGE_STANDARD = "gnu++0x";
				CLANG_CXX_LIBRARY = "libc++";
				CLANG_ENABLE_MODULES = YES;
				CLANG_ENABLE_OBJC_ARC = YES;
				CLANG_WARN_BOOL_CONVERSION = YES;
				CLANG_WARN_CONSTANT_CONVERSION = YES;
				CLANG_WARN_DIRECT_OBJC_ISA_USAGE = YES_ERROR;
				CLANG_WARN_EMPTY_BODY = YES;
				CLANG_WARN_ENUM_CONVERSION = YES;
				CLANG_WARN_INT_CONVERSION = YES;
				CLANG_WARN_OBJC_ROOT_CLASS = YES_ERROR;
				CLANG_WARN_UNREACHABLE_CODE = YES;
				CLANG_WARN__DUPLICATE_METHOD_MATCH = YES;
				"CODE_SIGN_IDENTITY[sdk=iphoneos*]" = "iPhone Developer";
				COPY_PHASE_STRIP = NO;
				DEBUG_INFORMATION_FORMAT = "dwarf-with-dsym";
				ENABLE_STRICT_OBJC_MSGSEND = YES;
				GCC_C_LANGUAGE_STANDARD = gnu99;
				GCC_DYNAMIC_NO_PIC = NO;
				GCC_NO_COMMON_BLOCKS = YES;
				GCC_OPTIMIZATION_LEVEL = 0;
				GCC_PREPROCESSOR_DEFINITIONS = (
					"DEBUG=1",
					"$(inherited)",
				);
				GCC_SYMBOLS_PRIVATE_EXTERN = NO;
				GCC_WARN_64_TO_32_BIT_CONVERSION = YES;
				GCC_WARN_ABOUT_RETURN_TYPE = YES_ERROR;
				GCC_WARN_UNDECLARED_SELECTOR = YES;
				GCC_WARN_UNINITIALIZED_AUTOS = YES_AGGRESSIVE;
				GCC_WARN_UNUSED_FUNCTION = YES;
				GCC_WARN_UNUSED_VARIABLE = YES;
				IPHONEOS_DEPLOYMENT_TARGET = 8.4;
				MTL_ENABLE_DEBUG_INFO = YES;
				ONLY_ACTIVE_ARCH = YES;
				SDKROOT = iphoneos;
			};
			name = Debug;
		};
		F15599751B96C8670025D08E /* Release */ = {
			isa = XCBuildConfiguration;
			buildSettings = {
				ALWAYS_SEARCH_USER_PATHS = NO;
				CLANG_CXX_LANGUAGE_STANDARD = "gnu++0x";
				CLANG_CXX_LIBRARY = "libc++";
				CLANG_ENABLE_MODULES = YES;
				CLANG_ENABLE_OBJC_ARC = YES;
				CLANG_WARN_BOOL_CONVERSION = YES;
				CLANG_WARN_CONSTANT_CONVERSION = YES;
				CLANG_WARN_DIRECT_OBJC_ISA_USAGE = YES_ERROR;
				CLANG_WARN_EMPTY_BODY = YES;
				CLANG_WARN_ENUM_CONVERSION = YES;
				CLANG_WARN_INT_CONVERSION = YES;
				CLANG_WARN_OBJC_ROOT_CLASS = YES_ERROR;
				CLANG_WARN_UNREACHABLE_CODE = YES;
				CLANG_WARN__DUPLICATE_METHOD_MATCH = YES;
				"CODE_SIGN_IDENTITY[sdk=iphoneos*]" = "iPhone Developer";
				COPY_PHASE_STRIP = NO;
				DEBUG_INFORMATION_FORMAT = "dwarf-with-dsym";
				ENABLE_NS_ASSERTIONS = NO;
				ENABLE_STRICT_OBJC_MSGSEND = YES;
				GCC_C_LANGUAGE_STANDARD = gnu99;
				GCC_NO_COMMON_BLOCKS = YES;
				GCC_WARN_64_TO_32_BIT_CONVERSION = YES;
				GCC_WARN_ABOUT_RETURN_TYPE = YES_ERROR;
				GCC_WARN_UNDECLARED_SELECTOR = YES;
				GCC_WARN_UNINITIALIZED_AUTOS = YES_AGGRESSIVE;
				GCC_WARN_UNUSED_FUNCTION = YES;
				GCC_WARN_UNUSED_VARIABLE = YES;
				IPHONEOS_DEPLOYMENT_TARGET = 8.4;
				MTL_ENABLE_DEBUG_INFO = NO;
				SDKROOT = iphoneos;
				VALIDATE_PRODUCT = YES;
			};
			name = Release;
		};
		F15599771B96C8670025D08E /* Debug */ = {
			isa = XCBuildConfiguration;
			buildSettings = {
				ASSETCATALOG_COMPILER_APPICON_NAME = AppIcon;
				INFOPLIST_FILE = AutoLayout/Info.plist;
				IPHONEOS_DEPLOYMENT_TARGET = 7.0;
				LD_RUNPATH_SEARCH_PATHS = "$(inherited) @executable_path/Frameworks";
				PRODUCT_NAME = "$(TARGET_NAME)";
			};
			name = Debug;
		};
		F15599781B96C8670025D08E /* Release */ = {
			isa = XCBuildConfiguration;
			buildSettings = {
				ASSETCATALOG_COMPILER_APPICON_NAME = AppIcon;
				INFOPLIST_FILE = AutoLayout/Info.plist;
				IPHONEOS_DEPLOYMENT_TARGET = 7.0;
				LD_RUNPATH_SEARCH_PATHS = "$(inherited) @executable_path/Frameworks";
				PRODUCT_NAME = "$(TARGET_NAME)";
			};
			name = Release;
		};
		F155997A1B96C8670025D08E /* Debug */ = {
			isa = XCBuildConfiguration;
			buildSettings = {
				BUNDLE_LOADER = "$(TEST_HOST)";
				FRAMEWORK_SEARCH_PATHS = (
					"$(SDKROOT)/Developer/Library/Frameworks",
					"$(inherited)",
				);
				GCC_PREPROCESSOR_DEFINITIONS = (
					"DEBUG=1",
					"$(inherited)",
				);
				INFOPLIST_FILE = AutoLayoutTests/Info.plist;
				LD_RUNPATH_SEARCH_PATHS = "$(inherited) @executable_path/Frameworks @loader_path/Frameworks";
				PRODUCT_NAME = "$(TARGET_NAME)";
				TEST_HOST = "$(BUILT_PRODUCTS_DIR)/AutoLayout.app/AutoLayout";
			};
			name = Debug;
		};
		F155997B1B96C8670025D08E /* Release */ = {
			isa = XCBuildConfiguration;
			buildSettings = {
				BUNDLE_LOADER = "$(TEST_HOST)";
				FRAMEWORK_SEARCH_PATHS = (
					"$(SDKROOT)/Developer/Library/Frameworks",
					"$(inherited)",
				);
				INFOPLIST_FILE = AutoLayoutTests/Info.plist;
				LD_RUNPATH_SEARCH_PATHS = "$(inherited) @executable_path/Frameworks @loader_path/Frameworks";
				PRODUCT_NAME = "$(TARGET_NAME)";
				TEST_HOST = "$(BUILT_PRODUCTS_DIR)/AutoLayout.app/AutoLayout";
			};
			name = Release;
		};
/* End XCBuildConfiguration section */

/* Begin XCConfigurationList section */
		F155994E1B96C8670025D08E /* Build configuration list for PBXProject "AutoLayout" */ = {
			isa = XCConfigurationList;
			buildConfigurations = (
				F15599741B96C8670025D08E /* Debug */,
				F15599751B96C8670025D08E /* Release */,
			);
			defaultConfigurationIsVisible = 0;
			defaultConfigurationName = Release;
		};
		F15599761B96C8670025D08E /* Build configuration list for PBXNativeTarget "AutoLayout" */ = {
			isa = XCConfigurationList;
			buildConfigurations = (
				F15599771B96C8670025D08E /* Debug */,
				F15599781B96C8670025D08E /* Release */,
			);
			defaultConfigurationIsVisible = 0;
			defaultConfigurationName = Release;
		};
		F15599791B96C8670025D08E /* Build configuration list for PBXNativeTarget "AutoLayoutTests" */ = {
			isa = XCConfigurationList;
			buildConfigurations = (
				F155997A1B96C8670025D08E /* Debug */,
				F155997B1B96C8670025D08E /* Release */,
			);
			defaultConfigurationIsVisible = 0;
			defaultConfigurationName = Release;
		};
/* End XCConfigurationList section */
	};
	rootObject = F155994B1B96C8670025D08E /* Project object */;
}
