// !$*UTF8*$!
{
	archiveVersion = 1;
	classes = {
	};
	objectVersion = 46;
	objects = {

/* Begin PBXBuildFile section */
		A52A0D281ACBE1A400241451 /* Deck.m in Sources */ = {isa = PBXBuildFile; fileRef = A52A0D271ACBE1A400241451 /* Deck.m */; };
		A52A0D291ACBE1A400241451 /* Deck.m in Sources */ = {isa = PBXBuildFile; fileRef = A52A0D271ACBE1A400241451 /* Deck.m */; };
		A55EF0191ACBC9ED00644EBE /* main.m in Sources */ = {isa = PBXBuildFile; fileRef = A55EF0181ACBC9ED00644EBE /* main.m */; };
		A55EF01C1ACBC9ED00644EBE /* AppDelegate.m in Sources */ = {isa = PBXBuildFile; fileRef = A55EF01B1ACBC9ED00644EBE /* AppDelegate.m */; };
		A55EF01F1ACBC9EE00644EBE /* ViewController.m in Sources */ = {isa = PBXBuildFile; fileRef = A55EF01E1ACBC9ED00644EBE /* ViewController.m */; };
		A55EF0221ACBC9EE00644EBE /* Main.storyboard in Resources */ = {isa = PBXBuildFile; fileRef = A55EF0201ACBC9EE00644EBE /* Main.storyboard */; };
		A55EF0241ACBC9EE00644EBE /* Images.xcassets in Resources */ = {isa = PBXBuildFile; fileRef = A55EF0231ACBC9EE00644EBE /* Images.xcassets */; };
		A55EF0271ACBC9EE00644EBE /* LaunchScreen.xib in Resources */ = {isa = PBXBuildFile; fileRef = A55EF0251ACBC9EE00644EBE /* LaunchScreen.xib */; };
		A55EF0331ACBC9EE00644EBE /* MachismoTests.m in Sources */ = {isa = PBXBuildFile; fileRef = A55EF0321ACBC9EE00644EBE /* MachismoTests.m */; };
		A55EF03E1ACBCA2D00644EBE /* Card.m in Sources */ = {isa = PBXBuildFile; fileRef = A55EF03D1ACBCA2D00644EBE /* Card.m */; };
		A55EF03F1ACBCA2D00644EBE /* Card.m in Sources */ = {isa = PBXBuildFile; fileRef = A55EF03D1ACBCA2D00644EBE /* Card.m */; };
		A5B8F8D21ACC449000C7AFEA /* PlayingCard.m in Sources */ = {isa = PBXBuildFile; fileRef = A5B8F8D11ACC449000C7AFEA /* PlayingCard.m */; };
		A5B8F8D31ACC449000C7AFEA /* PlayingCard.m in Sources */ = {isa = PBXBuildFile; fileRef = A5B8F8D11ACC449000C7AFEA /* PlayingCard.m */; };
		A5B8F8D51ACC4FA900C7AFEA /* PlayingCardDeck.m in Sources */ = {isa = PBXBuildFile; fileRef = A5B8F8D41ACC4FA900C7AFEA /* PlayingCardDeck.m */; };
		A5B8F8D61ACC4FA900C7AFEA /* PlayingCardDeck.m in Sources */ = {isa = PBXBuildFile; fileRef = A5B8F8D41ACC4FA900C7AFEA /* PlayingCardDeck.m */; };
		A5B8F8DA1ACE408400C7AFEA /* CardMatchingGame.m in Sources */ = {isa = PBXBuildFile; fileRef = A5B8F8D91ACE408400C7AFEA /* CardMatchingGame.m */; };
		A5B8F8DB1ACE408400C7AFEA /* CardMatchingGame.m in Sources */ = {isa = PBXBuildFile; fileRef = A5B8F8D91ACE408400C7AFEA /* CardMatchingGame.m */; };
		A5D99C6B1AD2A7AC006AA908 /* PlayingCardGameViewController.m in Sources */ = {isa = PBXBuildFile; fileRef = A5D99C6A1AD2A7AC006AA908 /* PlayingCardGameViewController.m */; };
/* End PBXBuildFile section */

/* Begin PBXContainerItemProxy section */
		A55EF02D1ACBC9EE00644EBE /* PBXContainerItemProxy */ = {
			isa = PBXContainerItemProxy;
			containerPortal = A55EF00B1ACBC9ED00644EBE /* Project object */;
			proxyType = 1;
			remoteGlobalIDString = A55EF0121ACBC9ED00644EBE;
			remoteInfo = Machismo;
		};
/* End PBXContainerItemProxy section */

/* Begin PBXFileReference section */
		A52A0D261ACBE19200241451 /* Deck.h */ = {isa = PBXFileReference; lastKnownFileType = sourcecode.c.h; path = Deck.h; sourceTree = "<group>"; };
		A52A0D271ACBE1A400241451 /* Deck.m */ = {isa = PBXFileReference; fileEncoding = 4; lastKnownFileType = sourcecode.c.objc; path = Deck.m; sourceTree = "<group>"; };
		A55EF0131ACBC9ED00644EBE /* Machismo.app */ = {isa = PBXFileReference; explicitFileType = wrapper.application; includeInIndex = 0; path = Machismo.app; sourceTree = BUILT_PRODUCTS_DIR; };
		A55EF0171ACBC9ED00644EBE /* Info.plist */ = {isa = PBXFileReference; lastKnownFileType = text.plist.xml; path = Info.plist; sourceTree = "<group>"; };
		A55EF0181ACBC9ED00644EBE /* main.m */ = {isa = PBXFileReference; lastKnownFileType = sourcecode.c.objc; path = main.m; sourceTree = "<group>"; };
		A55EF01A1ACBC9ED00644EBE /* AppDelegate.h */ = {isa = PBXFileReference; lastKnownFileType = sourcecode.c.h; path = AppDelegate.h; sourceTree = "<group>"; };
		A55EF01B1ACBC9ED00644EBE /* AppDelegate.m */ = {isa = PBXFileReference; lastKnownFileType = sourcecode.c.objc; path = AppDelegate.m; sourceTree = "<group>"; };
		A55EF01D1ACBC9ED00644EBE /* ViewController.h */ = {isa = PBXFileReference; lastKnownFileType = sourcecode.c.h; path = ViewController.h; sourceTree = "<group>"; };
		A55EF01E1ACBC9ED00644EBE /* ViewController.m */ = {isa = PBXFileReference; lastKnownFileType = sourcecode.c.objc; path = ViewController.m; sourceTree = "<group>"; };
		A55EF0211ACBC9EE00644EBE /* Base */ = {isa = PBXFileReference; lastKnownFileType = file.storyboard; name = Base; path = Base.lproj/Main.storyboard; sourceTree = "<group>"; };
		A55EF0231ACBC9EE00644EBE /* Images.xcassets */ = {isa = PBXFileReference; lastKnownFileType = folder.assetcatalog; path = Images.xcassets; sourceTree = "<group>"; };
		A55EF0261ACBC9EE00644EBE /* Base */ = {isa = PBXFileReference; lastKnownFileType = file.xib; name = Base; path = Base.lproj/LaunchScreen.xib; sourceTree = "<group>"; };
		A55EF02C1ACBC9EE00644EBE /* MachismoTests.xctest */ = {isa = PBXFileReference; explicitFileType = wrapper.cfbundle; includeInIndex = 0; path = MachismoTests.xctest; sourceTree = BUILT_PRODUCTS_DIR; };
		A55EF0311ACBC9EE00644EBE /* Info.plist */ = {isa = PBXFileReference; lastKnownFileType = text.plist.xml; path = Info.plist; sourceTree = "<group>"; };
		A55EF0321ACBC9EE00644EBE /* MachismoTests.m */ = {isa = PBXFileReference; lastKnownFileType = sourcecode.c.objc; path = MachismoTests.m; sourceTree = "<group>"; };
		A55EF03C1ACBCA1A00644EBE /* Card.h */ = {isa = PBXFileReference; fileEncoding = 4; lastKnownFileType = sourcecode.c.h; path = Card.h; sourceTree = "<group>"; };
		A55EF03D1ACBCA2D00644EBE /* Card.m */ = {isa = PBXFileReference; fileEncoding = 4; lastKnownFileType = sourcecode.c.objc; path = Card.m; sourceTree = "<group>"; };
		A5B8F8D01ACC447A00C7AFEA /* PlayingCard.h */ = {isa = PBXFileReference; fileEncoding = 4; lastKnownFileType = sourcecode.c.h; path = PlayingCard.h; sourceTree = "<group>"; };
		A5B8F8D11ACC449000C7AFEA /* PlayingCard.m */ = {isa = PBXFileReference; fileEncoding = 4; lastKnownFileType = sourcecode.c.objc; path = PlayingCard.m; sourceTree = "<group>"; };
		A5B8F8D41ACC4FA900C7AFEA /* PlayingCardDeck.m */ = {isa = PBXFileReference; fileEncoding = 4; lastKnownFileType = sourcecode.c.objc; path = PlayingCardDeck.m; sourceTree = "<group>"; };
		A5B8F8D71ACC4FBE00C7AFEA /* PlayingCardDeck.h */ = {isa = PBXFileReference; fileEncoding = 4; lastKnownFileType = sourcecode.c.h; path = PlayingCardDeck.h; sourceTree = "<group>"; };
		A5B8F8D91ACE408400C7AFEA /* CardMatchingGame.m */ = {isa = PBXFileReference; fileEncoding = 4; lastKnownFileType = sourcecode.c.objc; path = CardMatchingGame.m; sourceTree = "<group>"; };
		A5B8F8DC1ACE409500C7AFEA /* CardMatchingGame.h */ = {isa = PBXFileReference; fileEncoding = 4; lastKnownFileType = sourcecode.c.h; path = CardMatchingGame.h; sourceTree = "<group>"; };
		A5D99C691AD2A7AC006AA908 /* PlayingCardGameViewController.h */ = {isa = PBXFileReference; fileEncoding = 4; lastKnownFileType = sourcecode.c.h; path = PlayingCardGameViewController.h; sourceTree = "<group>"; };
		A5D99C6A1AD2A7AC006AA908 /* PlayingCardGameViewController.m */ = {isa = PBXFileReference; fileEncoding = 4; lastKnownFileType = sourcecode.c.objc; path = PlayingCardGameViewController.m; sourceTree = "<group>"; };
		F109071C1B61E3C2004A324C /* Reveal.framework */ = {isa = PBXFileReference; lastKnownFileType = wrapper.framework; path = Reveal.framework; sourceTree = "<group>"; };
/* End PBXFileReference section */

/* Begin PBXFrameworksBuildPhase section */
		A55EF0101ACBC9ED00644EBE /* Frameworks */ = {
			isa = PBXFrameworksBuildPhase;
			buildActionMask = 2147483647;
			files = (
			);
			runOnlyForDeploymentPostprocessing = 0;
		};
		A55EF0291ACBC9EE00644EBE /* Frameworks */ = {
			isa = PBXFrameworksBuildPhase;
			buildActionMask = 2147483647;
			files = (
			);
			runOnlyForDeploymentPostprocessing = 0;
		};
/* End PBXFrameworksBuildPhase section */

/* Begin PBXGroup section */
		A55EF00A1ACBC9ED00644EBE = {
			isa = PBXGroup;
			children = (
				A55EF0151ACBC9ED00644EBE /* Machismo */,
				A55EF02F1ACBC9EE00644EBE /* MachismoTests */,
				A55EF0141ACBC9ED00644EBE /* Products */,
				F109071C1B61E3C2004A324C /* Reveal.framework */,
			);
			sourceTree = "<group>";
		};
		A55EF0141ACBC9ED00644EBE /* Products */ = {
			isa = PBXGroup;
			children = (
				A55EF0131ACBC9ED00644EBE /* Machismo.app */,
				A55EF02C1ACBC9EE00644EBE /* MachismoTests.xctest */,
			);
			name = Products;
			sourceTree = "<group>";
		};
		A55EF0151ACBC9ED00644EBE /* Machismo */ = {
			isa = PBXGroup;
			children = (
				A55EF01D1ACBC9ED00644EBE /* ViewController.h */,
				A5D99C691AD2A7AC006AA908 /* PlayingCardGameViewController.h */,
				A5D99C6A1AD2A7AC006AA908 /* PlayingCardGameViewController.m */,
				A55EF01E1ACBC9ED00644EBE /* ViewController.m */,
				A55EF0201ACBC9EE00644EBE /* Main.storyboard */,
				A55EF0231ACBC9EE00644EBE /* Images.xcassets */,
				A55EF0251ACBC9EE00644EBE /* LaunchScreen.xib */,
				A5B8F8D81ACDAFEB00C7AFEA /* Model */,
				A55EF0161ACBC9ED00644EBE /* Supporting Files */,
			);
			path = Machismo;
			sourceTree = "<group>";
		};
		A55EF0161ACBC9ED00644EBE /* Supporting Files */ = {
			isa = PBXGroup;
			children = (
				A55EF01A1ACBC9ED00644EBE /* AppDelegate.h */,
				A55EF01B1ACBC9ED00644EBE /* AppDelegate.m */,
				A55EF0171ACBC9ED00644EBE /* Info.plist */,
				A55EF0181ACBC9ED00644EBE /* main.m */,
			);
			name = "Supporting Files";
			sourceTree = "<group>";
		};
		A55EF02F1ACBC9EE00644EBE /* MachismoTests */ = {
			isa = PBXGroup;
			children = (
				A55EF0321ACBC9EE00644EBE /* MachismoTests.m */,
				A55EF0301ACBC9EE00644EBE /* Supporting Files */,
			);
			path = MachismoTests;
			sourceTree = "<group>";
		};
		A55EF0301ACBC9EE00644EBE /* Supporting Files */ = {
			isa = PBXGroup;
			children = (
				A55EF0311ACBC9EE00644EBE /* Info.plist */,
			);
			name = "Supporting Files";
			sourceTree = "<group>";
		};
		A5B8F8D81ACDAFEB00C7AFEA /* Model */ = {
			isa = PBXGroup;
			children = (
				A5B8F8D41ACC4FA900C7AFEA /* PlayingCardDeck.m */,
				A5B8F8D71ACC4FBE00C7AFEA /* PlayingCardDeck.h */,
				A5B8F8D01ACC447A00C7AFEA /* PlayingCard.h */,
				A5B8F8D11ACC449000C7AFEA /* PlayingCard.m */,
				A52A0D261ACBE19200241451 /* Deck.h */,
				A52A0D271ACBE1A400241451 /* Deck.m */,
				A55EF03D1ACBCA2D00644EBE /* Card.m */,
				A55EF03C1ACBCA1A00644EBE /* Card.h */,
				A5B8F8D91ACE408400C7AFEA /* CardMatchingGame.m */,
				A5B8F8DC1ACE409500C7AFEA /* CardMatchingGame.h */,
			);
			name = Model;
			sourceTree = "<group>";
		};
/* End PBXGroup section */

/* Begin PBXNativeTarget section */
		A55EF0121ACBC9ED00644EBE /* Machismo */ = {
			isa = PBXNativeTarget;
			buildConfigurationList = A55EF0361ACBC9EE00644EBE /* Build configuration list for PBXNativeTarget "Machismo" */;
			buildPhases = (
				A55EF00F1ACBC9ED00644EBE /* Sources */,
				A55EF0101ACBC9ED00644EBE /* Frameworks */,
				A55EF0111ACBC9ED00644EBE /* Resources */,
			);
			buildRules = (
			);
			dependencies = (
			);
			name = Machismo;
			productName = Machismo;
			productReference = A55EF0131ACBC9ED00644EBE /* Machismo.app */;
			productType = "com.apple.product-type.application";
		};
		A55EF02B1ACBC9EE00644EBE /* MachismoTests */ = {
			isa = PBXNativeTarget;
			buildConfigurationList = A55EF0391ACBC9EE00644EBE /* Build configuration list for PBXNativeTarget "MachismoTests" */;
			buildPhases = (
				A55EF0281ACBC9EE00644EBE /* Sources */,
				A55EF0291ACBC9EE00644EBE /* Frameworks */,
				A55EF02A1ACBC9EE00644EBE /* Resources */,
			);
			buildRules = (
			);
			dependencies = (
				A55EF02E1ACBC9EE00644EBE /* PBXTargetDependency */,
			);
			name = MachismoTests;
			productName = MachismoTests;
			productReference = A55EF02C1ACBC9EE00644EBE /* MachismoTests.xctest */;
			productType = "com.apple.product-type.bundle.unit-test";
		};
/* End PBXNativeTarget section */

/* Begin PBXProject section */
		A55EF00B1ACBC9ED00644EBE /* Project object */ = {
			isa = PBXProject;
			attributes = {
				LastUpgradeCheck = 0620;
				ORGANIZATIONNAME = InfoGeeker;
				TargetAttributes = {
					A55EF0121ACBC9ED00644EBE = {
						CreatedOnToolsVersion = 6.2;
						DevelopmentTeam = R56Z3W995A;
					};
					A55EF02B1ACBC9EE00644EBE = {
						CreatedOnToolsVersion = 6.2;
						TestTargetID = A55EF0121ACBC9ED00644EBE;
					};
				};
			};
			buildConfigurationList = A55EF00E1ACBC9ED00644EBE /* Build configuration list for PBXProject "Machismo" */;
			compatibilityVersion = "Xcode 3.2";
			developmentRegion = English;
			hasScannedForEncodings = 0;
			knownRegions = (
				en,
				Base,
			);
			mainGroup = A55EF00A1ACBC9ED00644EBE;
			productRefGroup = A55EF0141ACBC9ED00644EBE /* Products */;
			projectDirPath = "";
			projectRoot = "";
			targets = (
				A55EF0121ACBC9ED00644EBE /* Machismo */,
				A55EF02B1ACBC9EE00644EBE /* MachismoTests */,
			);
		};
/* End PBXProject section */

/* Begin PBXResourcesBuildPhase section */
		A55EF0111ACBC9ED00644EBE /* Resources */ = {
			isa = PBXResourcesBuildPhase;
			buildActionMask = 2147483647;
			files = (
				A55EF0221ACBC9EE00644EBE /* Main.storyboard in Resources */,
				A55EF0271ACBC9EE00644EBE /* LaunchScreen.xib in Resources */,
				A55EF0241ACBC9EE00644EBE /* Images.xcassets in Resources */,
			);
			runOnlyForDeploymentPostprocessing = 0;
		};
		A55EF02A1ACBC9EE00644EBE /* Resources */ = {
			isa = PBXResourcesBuildPhase;
			buildActionMask = 2147483647;
			files = (
			);
			runOnlyForDeploymentPostprocessing = 0;
		};
/* End PBXResourcesBuildPhase section */

/* Begin PBXSourcesBuildPhase section */
		A55EF00F1ACBC9ED00644EBE /* Sources */ = {
			isa = PBXSourcesBuildPhase;
			buildActionMask = 2147483647;
			files = (
				A5B8F8D21ACC449000C7AFEA /* PlayingCard.m in Sources */,
				A52A0D281ACBE1A400241451 /* Deck.m in Sources */,
				A55EF01F1ACBC9EE00644EBE /* ViewController.m in Sources */,
				A55EF01C1ACBC9ED00644EBE /* AppDelegate.m in Sources */,
				A5B8F8DA1ACE408400C7AFEA /* CardMatchingGame.m in Sources */,
				A5B8F8D51ACC4FA900C7AFEA /* PlayingCardDeck.m in Sources */,
				A55EF0191ACBC9ED00644EBE /* main.m in Sources */,
				A55EF03E1ACBCA2D00644EBE /* Card.m in Sources */,
				A5D99C6B1AD2A7AC006AA908 /* PlayingCardGameViewController.m in Sources */,
			);
			runOnlyForDeploymentPostprocessing = 0;
		};
		A55EF0281ACBC9EE00644EBE /* Sources */ = {
			isa = PBXSourcesBuildPhase;
			buildActionMask = 2147483647;
			files = (
				A5B8F8DB1ACE408400C7AFEA /* CardMatchingGame.m in Sources */,
				A5B8F8D61ACC4FA900C7AFEA /* PlayingCardDeck.m in Sources */,
				A55EF0331ACBC9EE00644EBE /* MachismoTests.m in Sources */,
				A52A0D291ACBE1A400241451 /* Deck.m in Sources */,
				A5B8F8D31ACC449000C7AFEA /* PlayingCard.m in Sources */,
				A55EF03F1ACBCA2D00644EBE /* Card.m in Sources */,
			);
			runOnlyForDeploymentPostprocessing = 0;
		};
/* End PBXSourcesBuildPhase section */

/* Begin PBXTargetDependency section */
		A55EF02E1ACBC9EE00644EBE /* PBXTargetDependency */ = {
			isa = PBXTargetDependency;
			target = A55EF0121ACBC9ED00644EBE /* Machismo */;
			targetProxy = A55EF02D1ACBC9EE00644EBE /* PBXContainerItemProxy */;
		};
/* End PBXTargetDependency section */

/* Begin PBXVariantGroup section */
		A55EF0201ACBC9EE00644EBE /* Main.storyboard */ = {
			isa = PBXVariantGroup;
			children = (
				A55EF0211ACBC9EE00644EBE /* Base */,
			);
			name = Main.storyboard;
			sourceTree = "<group>";
		};
		A55EF0251ACBC9EE00644EBE /* LaunchScreen.xib */ = {
			isa = PBXVariantGroup;
			children = (
				A55EF0261ACBC9EE00644EBE /* Base */,
			);
			name = LaunchScreen.xib;
			sourceTree = "<group>";
		};
/* End PBXVariantGroup section */

/* Begin XCBuildConfiguration section */
		A55EF0341ACBC9EE00644EBE /* Debug */ = {
			isa = XCBuildConfiguration;
			buildSettings = {
				ALWAYS_SEARCH_USER_PATHS = NO;
				CLANG_CXX_LANGUAGE_STANDARD = "gnu++0x";
				CLANG_CXX_LIBRARY = "libc++";
				CLANG_ENABLE_MODULES = YES;
				CLANG_ENABLE_OBJC_ARC = YES;
				CLANG_WARN_BOOL_CONVERSION = YES;
				CLANG_WARN_CONSTANT_CONVERSION = YES;
				CLANG_WARN_DIRECT_OBJC_ISA_USAGE = YES_ERROR;
				CLANG_WARN_EMPTY_BODY = YES;
				CLANG_WARN_ENUM_CONVERSION = YES;
				CLANG_WARN_INT_CONVERSION = YES;
				CLANG_WARN_OBJC_ROOT_CLASS = YES_ERROR;
				CLANG_WARN_UNREACHABLE_CODE = YES;
				CLANG_WARN__DUPLICATE_METHOD_MATCH = YES;
				CODE_SIGN_IDENTITY = "iPhone Developer: 吉祥 傅 (YJBAE367L8)";
				"CODE_SIGN_IDENTITY[sdk=iphoneos*]" = "iPhone Developer: 吉祥 傅 (YJBAE367L8)";
				COPY_PHASE_STRIP = NO;
				ENABLE_STRICT_OBJC_MSGSEND = YES;
				GCC_C_LANGUAGE_STANDARD = gnu99;
				GCC_DYNAMIC_NO_PIC = NO;
				GCC_OPTIMIZATION_LEVEL = 0;
				GCC_PREPROCESSOR_DEFINITIONS = (
					"DEBUG=1",
					"$(inherited)",
				);
				GCC_SYMBOLS_PRIVATE_EXTERN = NO;
				GCC_WARN_64_TO_32_BIT_CONVERSION = YES;
				GCC_WARN_ABOUT_RETURN_TYPE = YES_ERROR;
				GCC_WARN_UNDECLARED_SELECTOR = YES;
				GCC_WARN_UNINITIALIZED_AUTOS = YES_AGGRESSIVE;
				GCC_WARN_UNUSED_FUNCTION = YES;
				GCC_WARN_UNUSED_VARIABLE = YES;
				IPHONEOS_DEPLOYMENT_TARGET = 8.1;
				MTL_ENABLE_DEBUG_INFO = YES;
				ONLY_ACTIVE_ARCH = YES;
				PROVISIONING_PROFILE = "";
				SDKROOT = iphoneos;
			};
			name = Debug;
		};
		A55EF0351ACBC9EE00644EBE /* Release */ = {
			isa = XCBuildConfiguration;
			buildSettings = {
				ALWAYS_SEARCH_USER_PATHS = NO;
				CLANG_CXX_LANGUAGE_STANDARD = "gnu++0x";
				CLANG_CXX_LIBRARY = "libc++";
				CLANG_ENABLE_MODULES = YES;
				CLANG_ENABLE_OBJC_ARC = YES;
				CLANG_WARN_BOOL_CONVERSION = YES;
				CLANG_WARN_CONSTANT_CONVERSION = YES;
				CLANG_WARN_DIRECT_OBJC_ISA_USAGE = YES_ERROR;
				CLANG_WARN_EMPTY_BODY = YES;
				CLANG_WARN_ENUM_CONVERSION = YES;
				CLANG_WARN_INT_CONVERSION = YES;
				CLANG_WARN_OBJC_ROOT_CLASS = YES_ERROR;
				CLANG_WARN_UNREACHABLE_CODE = YES;
				CLANG_WARN__DUPLICATE_METHOD_MATCH = YES;
				CODE_SIGN_IDENTITY = "iPhone Developer: 吉祥 傅 (YJBAE367L8)";
				"CODE_SIGN_IDENTITY[sdk=iphoneos*]" = "iPhone Developer: 吉祥 傅 (YJBAE367L8)";
				COPY_PHASE_STRIP = NO;
				ENABLE_NS_ASSERTIONS = NO;
				ENABLE_STRICT_OBJC_MSGSEND = YES;
				GCC_C_LANGUAGE_STANDARD = gnu99;
				GCC_WARN_64_TO_32_BIT_CONVERSION = YES;
				GCC_WARN_ABOUT_RETURN_TYPE = YES_ERROR;
				GCC_WARN_UNDECLARED_SELECTOR = YES;
				GCC_WARN_UNINITIALIZED_AUTOS = YES_AGGRESSIVE;
				GCC_WARN_UNUSED_FUNCTION = YES;
				GCC_WARN_UNUSED_VARIABLE = YES;
				IPHONEOS_DEPLOYMENT_TARGET = 8.1;
				MTL_ENABLE_DEBUG_INFO = NO;
				PROVISIONING_PROFILE = "";
				SDKROOT = iphoneos;
				VALIDATE_PRODUCT = YES;
			};
			name = Release;
		};
		A55EF0371ACBC9EE00644EBE /* Debug */ = {
			isa = XCBuildConfiguration;
			buildSettings = {
				ASSETCATALOG_COMPILER_APPICON_NAME = AppIcon;
				CODE_SIGN_IDENTITY = "iPhone Developer";
				FRAMEWORK_SEARCH_PATHS = (
					"$(inherited)",
					"$(PROJECT_DIR)",
				);
				INFOPLIST_FILE = Machismo/Info.plist;
				IPHONEOS_DEPLOYMENT_TARGET = 8.1;
				LD_RUNPATH_SEARCH_PATHS = "$(inherited) @executable_path/Frameworks";
				OTHER_LDFLAGS = (
					"-ObjC",
					"-lz",
					"-framework",
					Reveal,
				);
				PRODUCT_NAME = "$(TARGET_NAME)";
			};
			name = Debug;
		};
		A55EF0381ACBC9EE00644EBE /* Release */ = {
			isa = XCBuildConfiguration;
			buildSettings = {
				ASSETCATALOG_COMPILER_APPICON_NAME = AppIcon;
				CODE_SIGN_IDENTITY = "iPhone Developer";
				FRAMEWORK_SEARCH_PATHS = (
					"$(inherited)",
					"$(PROJECT_DIR)",
				);
				INFOPLIST_FILE = Machismo/Info.plist;
				IPHONEOS_DEPLOYMENT_TARGET = 8.1;
				LD_RUNPATH_SEARCH_PATHS = "$(inherited) @executable_path/Frameworks";
				OTHER_LDFLAGS = (
					"-ObjC",
					"-lz",
					"-framework",
					Reveal,
				);
				PRODUCT_NAME = "$(TARGET_NAME)";
			};
			name = Release;
		};
		A55EF03A1ACBC9EE00644EBE /* Debug */ = {
			isa = XCBuildConfiguration;
			buildSettings = {
				BUNDLE_LOADER = "$(TEST_HOST)";
				FRAMEWORK_SEARCH_PATHS = (
					"$(SDKROOT)/Developer/Library/Frameworks",
					"$(inherited)",
				);
				GCC_PREPROCESSOR_DEFINITIONS = (
					"DEBUG=1",
					"$(inherited)",
				);
				INFOPLIST_FILE = MachismoTests/Info.plist;
				LD_RUNPATH_SEARCH_PATHS = "$(inherited) @executable_path/Frameworks @loader_path/Frameworks";
				PRODUCT_NAME = "$(TARGET_NAME)";
				TEST_HOST = "$(BUILT_PRODUCTS_DIR)/Machismo.app/Machismo";
			};
			name = Debug;
		};
		A55EF03B1ACBC9EE00644EBE /* Release */ = {
			isa = XCBuildConfiguration;
			buildSettings = {
				BUNDLE_LOADER = "$(TEST_HOST)";
				FRAMEWORK_SEARCH_PATHS = (
					"$(SDKROOT)/Developer/Library/Frameworks",
					"$(inherited)",
				);
				INFOPLIST_FILE = MachismoTests/Info.plist;
				LD_RUNPATH_SEARCH_PATHS = "$(inherited) @executable_path/Frameworks @loader_path/Frameworks";
				PRODUCT_NAME = "$(TARGET_NAME)";
				TEST_HOST = "$(BUILT_PRODUCTS_DIR)/Machismo.app/Machismo";
			};
			name = Release;
		};
/* End XCBuildConfiguration section */

/* Begin XCConfigurationList section */
		A55EF00E1ACBC9ED00644EBE /* Build configuration list for PBXProject "Machismo" */ = {
			isa = XCConfigurationList;
			buildConfigurations = (
				A55EF0341ACBC9EE00644EBE /* Debug */,
				A55EF0351ACBC9EE00644EBE /* Release */,
			);
			defaultConfigurationIsVisible = 0;
			defaultConfigurationName = Release;
		};
		A55EF0361ACBC9EE00644EBE /* Build configuration list for PBXNativeTarget "Machismo" */ = {
			isa = XCConfigurationList;
			buildConfigurations = (
				A55EF0371ACBC9EE00644EBE /* Debug */,
				A55EF0381ACBC9EE00644EBE /* Release */,
			);
			defaultConfigurationIsVisible = 0;
			defaultConfigurationName = Release;
		};
		A55EF0391ACBC9EE00644EBE /* Build configuration list for PBXNativeTarget "MachismoTests" */ = {
			isa = XCConfigurationList;
			buildConfigurations = (
				A55EF03A1ACBC9EE00644EBE /* Debug */,
				A55EF03B1ACBC9EE00644EBE /* Release */,
			);
			defaultConfigurationIsVisible = 0;
			defaultConfigurationName = Release;
		};
/* End XCConfigurationList section */
	};
	rootObject = A55EF00B1ACBC9ED00644EBE /* Project object */;
}
