// !$*UTF8*$!
{
	archiveVersion = 1;
	classes = {
	};
	objectVersion = 46;
	objects = {

/* Begin PBXBuildFile section */
		A526E79E1AC9C14700C06D8B /* main.m in Sources */ = {isa = PBXBuildFile; fileRef = A526E79D1AC9C14700C06D8B /* main.m */; };
		A526E7A11AC9C14700C06D8B /* AppDelegate.m in Sources */ = {isa = PBXBuildFile; fileRef = A526E7A01AC9C14700C06D8B /* AppDelegate.m */; };
		A526E7A41AC9C14700C06D8B /* ViewController.m in Sources */ = {isa = PBXBuildFile; fileRef = A526E7A31AC9C14700C06D8B /* ViewController.m */; };
		A526E7A71AC9C14700C06D8B /* Main.storyboard in Resources */ = {isa = PBXBuildFile; fileRef = A526E7A51AC9C14700C06D8B /* Main.storyboard */; };
		A526E7A91AC9C14700C06D8B /* Images.xcassets in Resources */ = {isa = PBXBuildFile; fileRef = A526E7A81AC9C14700C06D8B /* Images.xcassets */; };
		A526E7AC1AC9C14700C06D8B /* LaunchScreen.xib in Resources */ = {isa = PBXBuildFile; fileRef = A526E7AA1AC9C14700C06D8B /* LaunchScreen.xib */; };
		A526E7B81AC9C14700C06D8B /* arcTests.m in Sources */ = {isa = PBXBuildFile; fileRef = A526E7B71AC9C14700C06D8B /* arcTests.m */; };
/* End PBXBuildFile section */

/* Begin PBXContainerItemProxy section */
		A526E7B21AC9C14700C06D8B /* PBXContainerItemProxy */ = {
			isa = PBXContainerItemProxy;
			containerPortal = A526E7901AC9C14700C06D8B /* Project object */;
			proxyType = 1;
			remoteGlobalIDString = A526E7971AC9C14700C06D8B;
			remoteInfo = arc;
		};
/* End PBXContainerItemProxy section */

/* Begin PBXFileReference section */
		A526E7981AC9C14700C06D8B /* Not-Arc.app */ = {isa = PBXFileReference; explicitFileType = wrapper.application; includeInIndex = 0; path = "Not-Arc.app"; sourceTree = BUILT_PRODUCTS_DIR; };
		A526E79C1AC9C14700C06D8B /* Info.plist */ = {isa = PBXFileReference; lastKnownFileType = text.plist.xml; path = Info.plist; sourceTree = "<group>"; };
		A526E79D1AC9C14700C06D8B /* main.m */ = {isa = PBXFileReference; lastKnownFileType = sourcecode.c.objc; path = main.m; sourceTree = "<group>"; };
		A526E79F1AC9C14700C06D8B /* AppDelegate.h */ = {isa = PBXFileReference; lastKnownFileType = sourcecode.c.h; path = AppDelegate.h; sourceTree = "<group>"; };
		A526E7A01AC9C14700C06D8B /* AppDelegate.m */ = {isa = PBXFileReference; lastKnownFileType = sourcecode.c.objc; path = AppDelegate.m; sourceTree = "<group>"; };
		A526E7A21AC9C14700C06D8B /* ViewController.h */ = {isa = PBXFileReference; lastKnownFileType = sourcecode.c.h; path = ViewController.h; sourceTree = "<group>"; };
		A526E7A31AC9C14700C06D8B /* ViewController.m */ = {isa = PBXFileReference; lastKnownFileType = sourcecode.c.objc; path = ViewController.m; sourceTree = "<group>"; };
		A526E7A61AC9C14700C06D8B /* Base */ = {isa = PBXFileReference; lastKnownFileType = file.storyboard; name = Base; path = Base.lproj/Main.storyboard; sourceTree = "<group>"; };
		A526E7A81AC9C14700C06D8B /* Images.xcassets */ = {isa = PBXFileReference; lastKnownFileType = folder.assetcatalog; path = Images.xcassets; sourceTree = "<group>"; };
		A526E7AB1AC9C14700C06D8B /* Base */ = {isa = PBXFileReference; lastKnownFileType = file.xib; name = Base; path = Base.lproj/LaunchScreen.xib; sourceTree = "<group>"; };
		A526E7B11AC9C14700C06D8B /* Not-ArcTests.xctest */ = {isa = PBXFileReference; explicitFileType = wrapper.cfbundle; includeInIndex = 0; path = "Not-ArcTests.xctest"; sourceTree = BUILT_PRODUCTS_DIR; };
		A526E7B61AC9C14700C06D8B /* Info.plist */ = {isa = PBXFileReference; lastKnownFileType = text.plist.xml; path = Info.plist; sourceTree = "<group>"; };
		A526E7B71AC9C14700C06D8B /* arcTests.m */ = {isa = PBXFileReference; lastKnownFileType = sourcecode.c.objc; path = arcTests.m; sourceTree = "<group>"; };
/* End PBXFileReference section */

/* Begin PBXFrameworksBuildPhase section */
		A526E7951AC9C14700C06D8B /* Frameworks */ = {
			isa = PBXFrameworksBuildPhase;
			buildActionMask = 2147483647;
			files = (
			);
			runOnlyForDeploymentPostprocessing = 0;
		};
		A526E7AE1AC9C14700C06D8B /* Frameworks */ = {
			isa = PBXFrameworksBuildPhase;
			buildActionMask = 2147483647;
			files = (
			);
			runOnlyForDeploymentPostprocessing = 0;
		};
/* End PBXFrameworksBuildPhase section */

/* Begin PBXGroup section */
		A526E78F1AC9C14600C06D8B = {
			isa = PBXGroup;
			children = (
				A526E79A1AC9C14700C06D8B /* arc */,
				A526E7B41AC9C14700C06D8B /* arcTests */,
				A526E7991AC9C14700C06D8B /* Products */,
			);
			sourceTree = "<group>";
		};
		A526E7991AC9C14700C06D8B /* Products */ = {
			isa = PBXGroup;
			children = (
				A526E7981AC9C14700C06D8B /* Not-Arc.app */,
				A526E7B11AC9C14700C06D8B /* Not-ArcTests.xctest */,
			);
			name = Products;
			sourceTree = "<group>";
		};
		A526E79A1AC9C14700C06D8B /* arc */ = {
			isa = PBXGroup;
			children = (
				A526E79F1AC9C14700C06D8B /* AppDelegate.h */,
				A526E7A01AC9C14700C06D8B /* AppDelegate.m */,
				A526E7A21AC9C14700C06D8B /* ViewController.h */,
				A526E7A31AC9C14700C06D8B /* ViewController.m */,
				A526E7A51AC9C14700C06D8B /* Main.storyboard */,
				A526E7A81AC9C14700C06D8B /* Images.xcassets */,
				A526E7AA1AC9C14700C06D8B /* LaunchScreen.xib */,
				A526E79B1AC9C14700C06D8B /* Supporting Files */,
			);
			path = arc;
			sourceTree = "<group>";
		};
		A526E79B1AC9C14700C06D8B /* Supporting Files */ = {
			isa = PBXGroup;
			children = (
				A526E79C1AC9C14700C06D8B /* Info.plist */,
				A526E79D1AC9C14700C06D8B /* main.m */,
			);
			name = "Supporting Files";
			sourceTree = "<group>";
		};
		A526E7B41AC9C14700C06D8B /* arcTests */ = {
			isa = PBXGroup;
			children = (
				A526E7B71AC9C14700C06D8B /* arcTests.m */,
				A526E7B51AC9C14700C06D8B /* Supporting Files */,
			);
			path = arcTests;
			sourceTree = "<group>";
		};
		A526E7B51AC9C14700C06D8B /* Supporting Files */ = {
			isa = PBXGroup;
			children = (
				A526E7B61AC9C14700C06D8B /* Info.plist */,
			);
			name = "Supporting Files";
			sourceTree = "<group>";
		};
/* End PBXGroup section */

/* Begin PBXNativeTarget section */
		A526E7971AC9C14700C06D8B /* Not-Arc */ = {
			isa = PBXNativeTarget;
			buildConfigurationList = A526E7BB1AC9C14700C06D8B /* Build configuration list for PBXNativeTarget "Not-Arc" */;
			buildPhases = (
				A526E7941AC9C14700C06D8B /* Sources */,
				A526E7951AC9C14700C06D8B /* Frameworks */,
				A526E7961AC9C14700C06D8B /* Resources */,
			);
			buildRules = (
			);
			dependencies = (
			);
			name = "Not-Arc";
			productName = arc;
			productReference = A526E7981AC9C14700C06D8B /* Not-Arc.app */;
			productType = "com.apple.product-type.application";
		};
		A526E7B01AC9C14700C06D8B /* Not-ArcTests */ = {
			isa = PBXNativeTarget;
			buildConfigurationList = A526E7BE1AC9C14700C06D8B /* Build configuration list for PBXNativeTarget "Not-ArcTests" */;
			buildPhases = (
				A526E7AD1AC9C14700C06D8B /* Sources */,
				A526E7AE1AC9C14700C06D8B /* Frameworks */,
				A526E7AF1AC9C14700C06D8B /* Resources */,
			);
			buildRules = (
			);
			dependencies = (
				A526E7B31AC9C14700C06D8B /* PBXTargetDependency */,
			);
			name = "Not-ArcTests";
			productName = arcTests;
			productReference = A526E7B11AC9C14700C06D8B /* Not-ArcTests.xctest */;
			productType = "com.apple.product-type.bundle.unit-test";
		};
/* End PBXNativeTarget section */

/* Begin PBXProject section */
		A526E7901AC9C14700C06D8B /* Project object */ = {
			isa = PBXProject;
			attributes = {
				LastUpgradeCheck = 0620;
				ORGANIZATIONNAME = InfoGeeker;
				TargetAttributes = {
					A526E7971AC9C14700C06D8B = {
						CreatedOnToolsVersion = 6.2;
						DevelopmentTeam = R56Z3W995A;
						SystemCapabilities = {
							com.apple.BackgroundModes = {
								enabled = 1;
							};
						};
					};
					A526E7B01AC9C14700C06D8B = {
						CreatedOnToolsVersion = 6.2;
						TestTargetID = A526E7971AC9C14700C06D8B;
					};
				};
			};
			buildConfigurationList = A526E7931AC9C14700C06D8B /* Build configuration list for PBXProject "Not-Arc" */;
			compatibilityVersion = "Xcode 3.2";
			developmentRegion = English;
			hasScannedForEncodings = 0;
			knownRegions = (
				en,
				Base,
			);
			mainGroup = A526E78F1AC9C14600C06D8B;
			productRefGroup = A526E7991AC9C14700C06D8B /* Products */;
			projectDirPath = "";
			projectRoot = "";
			targets = (
				A526E7971AC9C14700C06D8B /* Not-Arc */,
				A526E7B01AC9C14700C06D8B /* Not-ArcTests */,
			);
		};
/* End PBXProject section */

/* Begin PBXResourcesBuildPhase section */
		A526E7961AC9C14700C06D8B /* Resources */ = {
			isa = PBXResourcesBuildPhase;
			buildActionMask = 2147483647;
			files = (
				A526E7A71AC9C14700C06D8B /* Main.storyboard in Resources */,
				A526E7AC1AC9C14700C06D8B /* LaunchScreen.xib in Resources */,
				A526E7A91AC9C14700C06D8B /* Images.xcassets in Resources */,
			);
			runOnlyForDeploymentPostprocessing = 0;
		};
		A526E7AF1AC9C14700C06D8B /* Resources */ = {
			isa = PBXResourcesBuildPhase;
			buildActionMask = 2147483647;
			files = (
			);
			runOnlyForDeploymentPostprocessing = 0;
		};
/* End PBXResourcesBuildPhase section */

/* Begin PBXSourcesBuildPhase section */
		A526E7941AC9C14700C06D8B /* Sources */ = {
			isa = PBXSourcesBuildPhase;
			buildActionMask = 2147483647;
			files = (
				A526E7A41AC9C14700C06D8B /* ViewController.m in Sources */,
				A526E7A11AC9C14700C06D8B /* AppDelegate.m in Sources */,
				A526E79E1AC9C14700C06D8B /* main.m in Sources */,
			);
			runOnlyForDeploymentPostprocessing = 0;
		};
		A526E7AD1AC9C14700C06D8B /* Sources */ = {
			isa = PBXSourcesBuildPhase;
			buildActionMask = 2147483647;
			files = (
				A526E7B81AC9C14700C06D8B /* arcTests.m in Sources */,
			);
			runOnlyForDeploymentPostprocessing = 0;
		};
/* End PBXSourcesBuildPhase section */

/* Begin PBXTargetDependency section */
		A526E7B31AC9C14700C06D8B /* PBXTargetDependency */ = {
			isa = PBXTargetDependency;
			target = A526E7971AC9C14700C06D8B /* Not-Arc */;
			targetProxy = A526E7B21AC9C14700C06D8B /* PBXContainerItemProxy */;
		};
/* End PBXTargetDependency section */

/* Begin PBXVariantGroup section */
		A526E7A51AC9C14700C06D8B /* Main.storyboard */ = {
			isa = PBXVariantGroup;
			children = (
				A526E7A61AC9C14700C06D8B /* Base */,
			);
			name = Main.storyboard;
			sourceTree = "<group>";
		};
		A526E7AA1AC9C14700C06D8B /* LaunchScreen.xib */ = {
			isa = PBXVariantGroup;
			children = (
				A526E7AB1AC9C14700C06D8B /* Base */,
			);
			name = LaunchScreen.xib;
			sourceTree = "<group>";
		};
/* End PBXVariantGroup section */

/* Begin XCBuildConfiguration section */
		A526E7B91AC9C14700C06D8B /* Debug */ = {
			isa = XCBuildConfiguration;
			buildSettings = {
				ALWAYS_SEARCH_USER_PATHS = NO;
				CLANG_CXX_LANGUAGE_STANDARD = "gnu++0x";
				CLANG_CXX_LIBRARY = "libc++";
				CLANG_ENABLE_MODULES = YES;
				CLANG_ENABLE_OBJC_ARC = YES;
				CLANG_WARN_BOOL_CONVERSION = YES;
				CLANG_WARN_CONSTANT_CONVERSION = YES;
				CLANG_WARN_DIRECT_OBJC_ISA_USAGE = YES_ERROR;
				CLANG_WARN_EMPTY_BODY = YES;
				CLANG_WARN_ENUM_CONVERSION = YES;
				CLANG_WARN_INT_CONVERSION = YES;
				CLANG_WARN_OBJC_ROOT_CLASS = YES_ERROR;
				CLANG_WARN_UNREACHABLE_CODE = YES;
				CLANG_WARN__DUPLICATE_METHOD_MATCH = YES;
				"CODE_SIGN_IDENTITY[sdk=iphoneos*]" = "iPhone Developer";
				COPY_PHASE_STRIP = NO;
				ENABLE_STRICT_OBJC_MSGSEND = YES;
				GCC_C_LANGUAGE_STANDARD = gnu99;
				GCC_DYNAMIC_NO_PIC = NO;
				GCC_OPTIMIZATION_LEVEL = 0;
				GCC_PREPROCESSOR_DEFINITIONS = (
					"DEBUG=1",
					"$(inherited)",
				);
				GCC_SYMBOLS_PRIVATE_EXTERN = NO;
				GCC_WARN_64_TO_32_BIT_CONVERSION = YES;
				GCC_WARN_ABOUT_RETURN_TYPE = YES_ERROR;
				GCC_WARN_UNDECLARED_SELECTOR = YES;
				GCC_WARN_UNINITIALIZED_AUTOS = YES_AGGRESSIVE;
				GCC_WARN_UNUSED_FUNCTION = YES;
				GCC_WARN_UNUSED_VARIABLE = YES;
				IPHONEOS_DEPLOYMENT_TARGET = 8.1;
				MTL_ENABLE_DEBUG_INFO = YES;
				ONLY_ACTIVE_ARCH = YES;
				SDKROOT = iphoneos;
			};
			name = Debug;
		};
		A526E7BA1AC9C14700C06D8B /* Release */ = {
			isa = XCBuildConfiguration;
			buildSettings = {
				ALWAYS_SEARCH_USER_PATHS = NO;
				CLANG_CXX_LANGUAGE_STANDARD = "gnu++0x";
				CLANG_CXX_LIBRARY = "libc++";
				CLANG_ENABLE_MODULES = YES;
				CLANG_ENABLE_OBJC_ARC = YES;
				CLANG_WARN_BOOL_CONVERSION = YES;
				CLANG_WARN_CONSTANT_CONVERSION = YES;
				CLANG_WARN_DIRECT_OBJC_ISA_USAGE = YES_ERROR;
				CLANG_WARN_EMPTY_BODY = YES;
				CLANG_WARN_ENUM_CONVERSION = YES;
				CLANG_WARN_INT_CONVERSION = YES;
				CLANG_WARN_OBJC_ROOT_CLASS = YES_ERROR;
				CLANG_WARN_UNREACHABLE_CODE = YES;
				CLANG_WARN__DUPLICATE_METHOD_MATCH = YES;
				"CODE_SIGN_IDENTITY[sdk=iphoneos*]" = "iPhone Developer";
				COPY_PHASE_STRIP = NO;
				ENABLE_NS_ASSERTIONS = NO;
				ENABLE_STRICT_OBJC_MSGSEND = YES;
				GCC_C_LANGUAGE_STANDARD = gnu99;
				GCC_WARN_64_TO_32_BIT_CONVERSION = YES;
				GCC_WARN_ABOUT_RETURN_TYPE = YES_ERROR;
				GCC_WARN_UNDECLARED_SELECTOR = YES;
				GCC_WARN_UNINITIALIZED_AUTOS = YES_AGGRESSIVE;
				GCC_WARN_UNUSED_FUNCTION = YES;
				GCC_WARN_UNUSED_VARIABLE = YES;
				IPHONEOS_DEPLOYMENT_TARGET = 8.1;
				MTL_ENABLE_DEBUG_INFO = NO;
				SDKROOT = iphoneos;
				VALIDATE_PRODUCT = YES;
			};
			name = Release;
		};
		A526E7BC1AC9C14700C06D8B /* Debug */ = {
			isa = XCBuildConfiguration;
			buildSettings = {
				ASSETCATALOG_COMPILER_APPICON_NAME = AppIcon;
				CLANG_ENABLE_OBJC_ARC = NO;
				CODE_SIGN_IDENTITY = "iPhone Developer";
				"CODE_SIGN_IDENTITY[sdk=iphoneos*]" = "iPhone Developer";
				INFOPLIST_FILE = arc/Info.plist;
				IPHONEOS_DEPLOYMENT_TARGET = 8.1;
				LD_RUNPATH_SEARCH_PATHS = "$(inherited) @executable_path/Frameworks";
				PRODUCT_NAME = "Not-Arc";
				PROVISIONING_PROFILE = "";
			};
			name = Debug;
		};
		A526E7BD1AC9C14700C06D8B /* Release */ = {
			isa = XCBuildConfiguration;
			buildSettings = {
				ASSETCATALOG_COMPILER_APPICON_NAME = AppIcon;
				CLANG_ENABLE_OBJC_ARC = NO;
				CODE_SIGN_IDENTITY = "iPhone Developer";
				"CODE_SIGN_IDENTITY[sdk=iphoneos*]" = "iPhone Developer";
				INFOPLIST_FILE = arc/Info.plist;
				IPHONEOS_DEPLOYMENT_TARGET = 8.1;
				LD_RUNPATH_SEARCH_PATHS = "$(inherited) @executable_path/Frameworks";
				PRODUCT_NAME = "Not-Arc";
				PROVISIONING_PROFILE = "";
			};
			name = Release;
		};
		A526E7BF1AC9C14700C06D8B /* Debug */ = {
			isa = XCBuildConfiguration;
			buildSettings = {
				BUNDLE_LOADER = "$(TEST_HOST)";
				FRAMEWORK_SEARCH_PATHS = (
					"$(SDKROOT)/Developer/Library/Frameworks",
					"$(inherited)",
				);
				GCC_PREPROCESSOR_DEFINITIONS = (
					"DEBUG=1",
					"$(inherited)",
				);
				INFOPLIST_FILE = arcTests/Info.plist;
				LD_RUNPATH_SEARCH_PATHS = "$(inherited) @executable_path/Frameworks @loader_path/Frameworks";
				PRODUCT_NAME = "Not-ArcTests";
				TEST_HOST = "$(BUILT_PRODUCTS_DIR)/arc.app/arc";
			};
			name = Debug;
		};
		A526E7C01AC9C14700C06D8B /* Release */ = {
			isa = XCBuildConfiguration;
			buildSettings = {
				BUNDLE_LOADER = "$(TEST_HOST)";
				FRAMEWORK_SEARCH_PATHS = (
					"$(SDKROOT)/Developer/Library/Frameworks",
					"$(inherited)",
				);
				INFOPLIST_FILE = arcTests/Info.plist;
				LD_RUNPATH_SEARCH_PATHS = "$(inherited) @executable_path/Frameworks @loader_path/Frameworks";
				PRODUCT_NAME = "Not-ArcTests";
				TEST_HOST = "$(BUILT_PRODUCTS_DIR)/arc.app/arc";
			};
			name = Release;
		};
/* End XCBuildConfiguration section */

/* Begin XCConfigurationList section */
		A526E7931AC9C14700C06D8B /* Build configuration list for PBXProject "Not-Arc" */ = {
			isa = XCConfigurationList;
			buildConfigurations = (
				A526E7B91AC9C14700C06D8B /* Debug */,
				A526E7BA1AC9C14700C06D8B /* Release */,
			);
			defaultConfigurationIsVisible = 0;
			defaultConfigurationName = Release;
		};
		A526E7BB1AC9C14700C06D8B /* Build configuration list for PBXNativeTarget "Not-Arc" */ = {
			isa = XCConfigurationList;
			buildConfigurations = (
				A526E7BC1AC9C14700C06D8B /* Debug */,
				A526E7BD1AC9C14700C06D8B /* Release */,
			);
			defaultConfigurationIsVisible = 0;
			defaultConfigurationName = Release;
		};
		A526E7BE1AC9C14700C06D8B /* Build configuration list for PBXNativeTarget "Not-ArcTests" */ = {
			isa = XCConfigurationList;
			buildConfigurations = (
				A526E7BF1AC9C14700C06D8B /* Debug */,
				A526E7C01AC9C14700C06D8B /* Release */,
			);
			defaultConfigurationIsVisible = 0;
			defaultConfigurationName = Release;
		};
/* End XCConfigurationList section */
	};
	rootObject = A526E7901AC9C14700C06D8B /* Project object */;
}
