// !$*UTF8*$!
{
	archiveVersion = 1;
	classes = {
	};
	objectVersion = 46;
	objects = {

/* Begin PBXBuildFile section */
		A54747381AAFE0FF004970FF /* main.m in Sources */ = {isa = PBXBuildFile; fileRef = A54747371AAFE0FF004970FF /* main.m */; };
		A547473B1AAFE0FF004970FF /* AppDelegate.m in Sources */ = {isa = PBXBuildFile; fileRef = A547473A1AAFE0FF004970FF /* AppDelegate.m */; };
		A547473E1AAFE0FF004970FF /* test.xcdatamodeld in Sources */ = {isa = PBXBuildFile; fileRef = A547473C1AAFE0FF004970FF /* test.xcdatamodeld */; };
		A54747411AAFE0FF004970FF /* ViewController.m in Sources */ = {isa = PBXBuildFile; fileRef = A54747401AAFE0FF004970FF /* ViewController.m */; };
		A54747441AAFE0FF004970FF /* Main.storyboard in Resources */ = {isa = PBXBuildFile; fileRef = A54747421AAFE0FF004970FF /* Main.storyboard */; };
		A54747461AAFE0FF004970FF /* Images.xcassets in Resources */ = {isa = PBXBuildFile; fileRef = A54747451AAFE0FF004970FF /* Images.xcassets */; };
		A54747491AAFE0FF004970FF /* LaunchScreen.xib in Resources */ = {isa = PBXBuildFile; fileRef = A54747471AAFE0FF004970FF /* LaunchScreen.xib */; };
		A54747551AAFE0FF004970FF /* testTests.m in Sources */ = {isa = PBXBuildFile; fileRef = A54747541AAFE0FF004970FF /* testTests.m */; };
/* End PBXBuildFile section */

/* Begin PBXContainerItemProxy section */
		A547474F1AAFE0FF004970FF /* PBXContainerItemProxy */ = {
			isa = PBXContainerItemProxy;
			containerPortal = A547472A1AAFE0FF004970FF /* Project object */;
			proxyType = 1;
			remoteGlobalIDString = A54747311AAFE0FF004970FF;
			remoteInfo = test;
		};
/* End PBXContainerItemProxy section */

/* Begin PBXFileReference section */
		A54747321AAFE0FF004970FF /* test.app */ = {isa = PBXFileReference; explicitFileType = wrapper.application; includeInIndex = 0; path = test.app; sourceTree = BUILT_PRODUCTS_DIR; };
		A54747361AAFE0FF004970FF /* Info.plist */ = {isa = PBXFileReference; lastKnownFileType = text.plist.xml; path = Info.plist; sourceTree = "<group>"; };
		A54747371AAFE0FF004970FF /* main.m */ = {isa = PBXFileReference; lastKnownFileType = sourcecode.c.objc; path = main.m; sourceTree = "<group>"; };
		A54747391AAFE0FF004970FF /* AppDelegate.h */ = {isa = PBXFileReference; lastKnownFileType = sourcecode.c.h; path = AppDelegate.h; sourceTree = "<group>"; };
		A547473A1AAFE0FF004970FF /* AppDelegate.m */ = {isa = PBXFileReference; lastKnownFileType = sourcecode.c.objc; path = AppDelegate.m; sourceTree = "<group>"; };
		A547473D1AAFE0FF004970FF /* test.xcdatamodel */ = {isa = PBXFileReference; lastKnownFileType = wrapper.xcdatamodel; path = test.xcdatamodel; sourceTree = "<group>"; };
		A547473F1AAFE0FF004970FF /* ViewController.h */ = {isa = PBXFileReference; lastKnownFileType = sourcecode.c.h; path = ViewController.h; sourceTree = "<group>"; };
		A54747401AAFE0FF004970FF /* ViewController.m */ = {isa = PBXFileReference; lastKnownFileType = sourcecode.c.objc; path = ViewController.m; sourceTree = "<group>"; };
		A54747431AAFE0FF004970FF /* Base */ = {isa = PBXFileReference; lastKnownFileType = file.storyboard; name = Base; path = Base.lproj/Main.storyboard; sourceTree = "<group>"; };
		A54747451AAFE0FF004970FF /* Images.xcassets */ = {isa = PBXFileReference; lastKnownFileType = folder.assetcatalog; path = Images.xcassets; sourceTree = "<group>"; };
		A54747481AAFE0FF004970FF /* Base */ = {isa = PBXFileReference; lastKnownFileType = file.xib; name = Base; path = Base.lproj/LaunchScreen.xib; sourceTree = "<group>"; };
		A547474E1AAFE0FF004970FF /* testTests.xctest */ = {isa = PBXFileReference; explicitFileType = wrapper.cfbundle; includeInIndex = 0; path = testTests.xctest; sourceTree = BUILT_PRODUCTS_DIR; };
		A54747531AAFE0FF004970FF /* Info.plist */ = {isa = PBXFileReference; lastKnownFileType = text.plist.xml; path = Info.plist; sourceTree = "<group>"; };
		A54747541AAFE0FF004970FF /* testTests.m */ = {isa = PBXFileReference; lastKnownFileType = sourcecode.c.objc; path = testTests.m; sourceTree = "<group>"; };
/* End PBXFileReference section */

/* Begin PBXFrameworksBuildPhase section */
		A547472F1AAFE0FF004970FF /* Frameworks */ = {
			isa = PBXFrameworksBuildPhase;
			buildActionMask = 2147483647;
			files = (
			);
			runOnlyForDeploymentPostprocessing = 0;
		};
		A547474B1AAFE0FF004970FF /* Frameworks */ = {
			isa = PBXFrameworksBuildPhase;
			buildActionMask = 2147483647;
			files = (
			);
			runOnlyForDeploymentPostprocessing = 0;
		};
/* End PBXFrameworksBuildPhase section */

/* Begin PBXGroup section */
		A54747291AAFE0FF004970FF = {
			isa = PBXGroup;
			children = (
				A54747341AAFE0FF004970FF /* test */,
				A54747511AAFE0FF004970FF /* testTests */,
				A54747331AAFE0FF004970FF /* Products */,
			);
			sourceTree = "<group>";
		};
		A54747331AAFE0FF004970FF /* Products */ = {
			isa = PBXGroup;
			children = (
				A54747321AAFE0FF004970FF /* test.app */,
				A547474E1AAFE0FF004970FF /* testTests.xctest */,
			);
			name = Products;
			sourceTree = "<group>";
		};
		A54747341AAFE0FF004970FF /* test */ = {
			isa = PBXGroup;
			children = (
				A54747391AAFE0FF004970FF /* AppDelegate.h */,
				A547473A1AAFE0FF004970FF /* AppDelegate.m */,
				A547473F1AAFE0FF004970FF /* ViewController.h */,
				A54747401AAFE0FF004970FF /* ViewController.m */,
				A54747421AAFE0FF004970FF /* Main.storyboard */,
				A54747451AAFE0FF004970FF /* Images.xcassets */,
				A54747471AAFE0FF004970FF /* LaunchScreen.xib */,
				A547473C1AAFE0FF004970FF /* test.xcdatamodeld */,
				A54747351AAFE0FF004970FF /* Supporting Files */,
			);
			path = test;
			sourceTree = "<group>";
		};
		A54747351AAFE0FF004970FF /* Supporting Files */ = {
			isa = PBXGroup;
			children = (
				A54747361AAFE0FF004970FF /* Info.plist */,
				A54747371AAFE0FF004970FF /* main.m */,
			);
			name = "Supporting Files";
			sourceTree = "<group>";
		};
		A54747511AAFE0FF004970FF /* testTests */ = {
			isa = PBXGroup;
			children = (
				A54747541AAFE0FF004970FF /* testTests.m */,
				A54747521AAFE0FF004970FF /* Supporting Files */,
			);
			path = testTests;
			sourceTree = "<group>";
		};
		A54747521AAFE0FF004970FF /* Supporting Files */ = {
			isa = PBXGroup;
			children = (
				A54747531AAFE0FF004970FF /* Info.plist */,
			);
			name = "Supporting Files";
			sourceTree = "<group>";
		};
/* End PBXGroup section */

/* Begin PBXNativeTarget section */
		A54747311AAFE0FF004970FF /* test */ = {
			isa = PBXNativeTarget;
			buildConfigurationList = A54747581AAFE0FF004970FF /* Build configuration list for PBXNativeTarget "test" */;
			buildPhases = (
				A547472E1AAFE0FF004970FF /* Sources */,
				A547472F1AAFE0FF004970FF /* Frameworks */,
				A54747301AAFE0FF004970FF /* Resources */,
			);
			buildRules = (
			);
			dependencies = (
			);
			name = test;
			productName = test;
			productReference = A54747321AAFE0FF004970FF /* test.app */;
			productType = "com.apple.product-type.application";
		};
		A547474D1AAFE0FF004970FF /* testTests */ = {
			isa = PBXNativeTarget;
			buildConfigurationList = A547475B1AAFE0FF004970FF /* Build configuration list for PBXNativeTarget "testTests" */;
			buildPhases = (
				A547474A1AAFE0FF004970FF /* Sources */,
				A547474B1AAFE0FF004970FF /* Frameworks */,
				A547474C1AAFE0FF004970FF /* Resources */,
			);
			buildRules = (
			);
			dependencies = (
				A54747501AAFE0FF004970FF /* PBXTargetDependency */,
			);
			name = testTests;
			productName = testTests;
			productReference = A547474E1AAFE0FF004970FF /* testTests.xctest */;
			productType = "com.apple.product-type.bundle.unit-test";
		};
/* End PBXNativeTarget section */

/* Begin PBXProject section */
		A547472A1AAFE0FF004970FF /* Project object */ = {
			isa = PBXProject;
			attributes = {
				LastUpgradeCheck = 0610;
				ORGANIZATIONNAME = 3lengjing;
				TargetAttributes = {
					A54747311AAFE0FF004970FF = {
						CreatedOnToolsVersion = 6.1.1;
						DevelopmentTeam = R56Z3W995A;
					};
					A547474D1AAFE0FF004970FF = {
						CreatedOnToolsVersion = 6.1.1;
						DevelopmentTeam = R56Z3W995A;
						TestTargetID = A54747311AAFE0FF004970FF;
					};
				};
			};
			buildConfigurationList = A547472D1AAFE0FF004970FF /* Build configuration list for PBXProject "test" */;
			compatibilityVersion = "Xcode 3.2";
			developmentRegion = English;
			hasScannedForEncodings = 0;
			knownRegions = (
				en,
				Base,
			);
			mainGroup = A54747291AAFE0FF004970FF;
			productRefGroup = A54747331AAFE0FF004970FF /* Products */;
			projectDirPath = "";
			projectRoot = "";
			targets = (
				A54747311AAFE0FF004970FF /* test */,
				A547474D1AAFE0FF004970FF /* testTests */,
			);
		};
/* End PBXProject section */

/* Begin PBXResourcesBuildPhase section */
		A54747301AAFE0FF004970FF /* Resources */ = {
			isa = PBXResourcesBuildPhase;
			buildActionMask = 2147483647;
			files = (
				A54747441AAFE0FF004970FF /* Main.storyboard in Resources */,
				A54747491AAFE0FF004970FF /* LaunchScreen.xib in Resources */,
				A54747461AAFE0FF004970FF /* Images.xcassets in Resources */,
			);
			runOnlyForDeploymentPostprocessing = 0;
		};
		A547474C1AAFE0FF004970FF /* Resources */ = {
			isa = PBXResourcesBuildPhase;
			buildActionMask = 2147483647;
			files = (
			);
			runOnlyForDeploymentPostprocessing = 0;
		};
/* End PBXResourcesBuildPhase section */

/* Begin PBXSourcesBuildPhase section */
		A547472E1AAFE0FF004970FF /* Sources */ = {
			isa = PBXSourcesBuildPhase;
			buildActionMask = 2147483647;
			files = (
				A547473B1AAFE0FF004970FF /* AppDelegate.m in Sources */,
				A54747381AAFE0FF004970FF /* main.m in Sources */,
				A54747411AAFE0FF004970FF /* ViewController.m in Sources */,
				A547473E1AAFE0FF004970FF /* test.xcdatamodeld in Sources */,
			);
			runOnlyForDeploymentPostprocessing = 0;
		};
		A547474A1AAFE0FF004970FF /* Sources */ = {
			isa = PBXSourcesBuildPhase;
			buildActionMask = 2147483647;
			files = (
				A54747551AAFE0FF004970FF /* testTests.m in Sources */,
			);
			runOnlyForDeploymentPostprocessing = 0;
		};
/* End PBXSourcesBuildPhase section */

/* Begin PBXTargetDependency section */
		A54747501AAFE0FF004970FF /* PBXTargetDependency */ = {
			isa = PBXTargetDependency;
			target = A54747311AAFE0FF004970FF /* test */;
			targetProxy = A547474F1AAFE0FF004970FF /* PBXContainerItemProxy */;
		};
/* End PBXTargetDependency section */

/* Begin PBXVariantGroup section */
		A54747421AAFE0FF004970FF /* Main.storyboard */ = {
			isa = PBXVariantGroup;
			children = (
				A54747431AAFE0FF004970FF /* Base */,
			);
			name = Main.storyboard;
			sourceTree = "<group>";
		};
		A54747471AAFE0FF004970FF /* LaunchScreen.xib */ = {
			isa = PBXVariantGroup;
			children = (
				A54747481AAFE0FF004970FF /* Base */,
			);
			name = LaunchScreen.xib;
			sourceTree = "<group>";
		};
/* End PBXVariantGroup section */

/* Begin XCBuildConfiguration section */
		A54747561AAFE0FF004970FF /* Debug */ = {
			isa = XCBuildConfiguration;
			buildSettings = {
				ALWAYS_SEARCH_USER_PATHS = NO;
				CLANG_CXX_LANGUAGE_STANDARD = "gnu++0x";
				CLANG_CXX_LIBRARY = "libc++";
				CLANG_ENABLE_MODULES = YES;
				CLANG_ENABLE_OBJC_ARC = YES;
				CLANG_WARN_BOOL_CONVERSION = YES;
				CLANG_WARN_CONSTANT_CONVERSION = YES;
				CLANG_WARN_DIRECT_OBJC_ISA_USAGE = YES_ERROR;
				CLANG_WARN_EMPTY_BODY = YES;
				CLANG_WARN_ENUM_CONVERSION = YES;
				CLANG_WARN_INT_CONVERSION = YES;
				CLANG_WARN_OBJC_ROOT_CLASS = YES_ERROR;
				CLANG_WARN_UNREACHABLE_CODE = YES;
				CLANG_WARN__DUPLICATE_METHOD_MATCH = YES;
				CODE_SIGN_IDENTITY = "iPhone Developer: 吉祥 傅 (YJBAE367L8)";
				"CODE_SIGN_IDENTITY[sdk=iphoneos*]" = "iPhone Developer: 吉祥 傅 (YJBAE367L8)";
				COPY_PHASE_STRIP = NO;
				ENABLE_STRICT_OBJC_MSGSEND = YES;
				GCC_C_LANGUAGE_STANDARD = gnu99;
				GCC_DYNAMIC_NO_PIC = NO;
				GCC_OPTIMIZATION_LEVEL = 0;
				GCC_PREPROCESSOR_DEFINITIONS = (
					"DEBUG=1",
					"$(inherited)",
				);
				GCC_SYMBOLS_PRIVATE_EXTERN = NO;
				GCC_WARN_64_TO_32_BIT_CONVERSION = YES;
				GCC_WARN_ABOUT_RETURN_TYPE = YES_ERROR;
				GCC_WARN_UNDECLARED_SELECTOR = YES;
				GCC_WARN_UNINITIALIZED_AUTOS = YES_AGGRESSIVE;
				GCC_WARN_UNUSED_FUNCTION = YES;
				GCC_WARN_UNUSED_VARIABLE = YES;
				IPHONEOS_DEPLOYMENT_TARGET = 8.1;
				MTL_ENABLE_DEBUG_INFO = YES;
				ONLY_ACTIVE_ARCH = YES;
				PROVISIONING_PROFILE = "93690440-875b-4c2c-8c47-f2451586056f";
				SDKROOT = iphoneos;
			};
			name = Debug;
		};
		A54747571AAFE0FF004970FF /* Release */ = {
			isa = XCBuildConfiguration;
			buildSettings = {
				ALWAYS_SEARCH_USER_PATHS = NO;
				CLANG_CXX_LANGUAGE_STANDARD = "gnu++0x";
				CLANG_CXX_LIBRARY = "libc++";
				CLANG_ENABLE_MODULES = YES;
				CLANG_ENABLE_OBJC_ARC = YES;
				CLANG_WARN_BOOL_CONVERSION = YES;
				CLANG_WARN_CONSTANT_CONVERSION = YES;
				CLANG_WARN_DIRECT_OBJC_ISA_USAGE = YES_ERROR;
				CLANG_WARN_EMPTY_BODY = YES;
				CLANG_WARN_ENUM_CONVERSION = YES;
				CLANG_WARN_INT_CONVERSION = YES;
				CLANG_WARN_OBJC_ROOT_CLASS = YES_ERROR;
				CLANG_WARN_UNREACHABLE_CODE = YES;
				CLANG_WARN__DUPLICATE_METHOD_MATCH = YES;
				CODE_SIGN_IDENTITY = "iPhone Developer: 吉祥 傅 (YJBAE367L8)";
				"CODE_SIGN_IDENTITY[sdk=iphoneos*]" = "iPhone Developer: 吉祥 傅 (YJBAE367L8)";
				COPY_PHASE_STRIP = YES;
				ENABLE_NS_ASSERTIONS = NO;
				ENABLE_STRICT_OBJC_MSGSEND = YES;
				GCC_C_LANGUAGE_STANDARD = gnu99;
				GCC_WARN_64_TO_32_BIT_CONVERSION = YES;
				GCC_WARN_ABOUT_RETURN_TYPE = YES_ERROR;
				GCC_WARN_UNDECLARED_SELECTOR = YES;
				GCC_WARN_UNINITIALIZED_AUTOS = YES_AGGRESSIVE;
				GCC_WARN_UNUSED_FUNCTION = YES;
				GCC_WARN_UNUSED_VARIABLE = YES;
				IPHONEOS_DEPLOYMENT_TARGET = 8.1;
				MTL_ENABLE_DEBUG_INFO = NO;
				PROVISIONING_PROFILE = "93690440-875b-4c2c-8c47-f2451586056f";
				SDKROOT = iphoneos;
				VALIDATE_PRODUCT = YES;
			};
			name = Release;
		};
		A54747591AAFE0FF004970FF /* Debug */ = {
			isa = XCBuildConfiguration;
			buildSettings = {
				ASSETCATALOG_COMPILER_APPICON_NAME = AppIcon;
				CODE_SIGN_IDENTITY = "iPhone Developer";
				"CODE_SIGN_IDENTITY[sdk=iphoneos*]" = "iPhone Developer";
				INFOPLIST_FILE = test/Info.plist;
				LD_RUNPATH_SEARCH_PATHS = "$(inherited) @executable_path/Frameworks";
				PRODUCT_NAME = "$(TARGET_NAME)";
				PROVISIONING_PROFILE = "";
				TARGETED_DEVICE_FAMILY = 1;
			};
			name = Debug;
		};
		A547475A1AAFE0FF004970FF /* Release */ = {
			isa = XCBuildConfiguration;
			buildSettings = {
				ASSETCATALOG_COMPILER_APPICON_NAME = AppIcon;
				CODE_SIGN_IDENTITY = "iPhone Developer";
				"CODE_SIGN_IDENTITY[sdk=iphoneos*]" = "iPhone Developer";
				INFOPLIST_FILE = test/Info.plist;
				LD_RUNPATH_SEARCH_PATHS = "$(inherited) @executable_path/Frameworks";
				PRODUCT_NAME = "$(TARGET_NAME)";
				PROVISIONING_PROFILE = "";
				TARGETED_DEVICE_FAMILY = 1;
			};
			name = Release;
		};
		A547475C1AAFE0FF004970FF /* Debug */ = {
			isa = XCBuildConfiguration;
			buildSettings = {
				BUNDLE_LOADER = "$(TEST_HOST)";
				CODE_SIGN_IDENTITY = "iPhone Developer";
				"CODE_SIGN_IDENTITY[sdk=iphoneos*]" = "iPhone Developer";
				FRAMEWORK_SEARCH_PATHS = (
					"$(SDKROOT)/Developer/Library/Frameworks",
					"$(inherited)",
				);
				GCC_PREPROCESSOR_DEFINITIONS = (
					"DEBUG=1",
					"$(inherited)",
				);
				INFOPLIST_FILE = testTests/Info.plist;
				LD_RUNPATH_SEARCH_PATHS = "$(inherited) @executable_path/Frameworks @loader_path/Frameworks";
				PRODUCT_NAME = "$(TARGET_NAME)";
				PROVISIONING_PROFILE = "";
				TEST_HOST = "$(BUILT_PRODUCTS_DIR)/test.app/test";
			};
			name = Debug;
		};
		A547475D1AAFE0FF004970FF /* Release */ = {
			isa = XCBuildConfiguration;
			buildSettings = {
				BUNDLE_LOADER = "$(TEST_HOST)";
				CODE_SIGN_IDENTITY = "iPhone Developer";
				"CODE_SIGN_IDENTITY[sdk=iphoneos*]" = "iPhone Developer";
				FRAMEWORK_SEARCH_PATHS = (
					"$(SDKROOT)/Developer/Library/Frameworks",
					"$(inherited)",
				);
				INFOPLIST_FILE = testTests/Info.plist;
				LD_RUNPATH_SEARCH_PATHS = "$(inherited) @executable_path/Frameworks @loader_path/Frameworks";
				PRODUCT_NAME = "$(TARGET_NAME)";
				PROVISIONING_PROFILE = "";
				TEST_HOST = "$(BUILT_PRODUCTS_DIR)/test.app/test";
			};
			name = Release;
		};
/* End XCBuildConfiguration section */

/* Begin XCConfigurationList section */
		A547472D1AAFE0FF004970FF /* Build configuration list for PBXProject "test" */ = {
			isa = XCConfigurationList;
			buildConfigurations = (
				A54747561AAFE0FF004970FF /* Debug */,
				A54747571AAFE0FF004970FF /* Release */,
			);
			defaultConfigurationIsVisible = 0;
			defaultConfigurationName = Release;
		};
		A54747581AAFE0FF004970FF /* Build configuration list for PBXNativeTarget "test" */ = {
			isa = XCConfigurationList;
			buildConfigurations = (
				A54747591AAFE0FF004970FF /* Debug */,
				A547475A1AAFE0FF004970FF /* Release */,
			);
			defaultConfigurationIsVisible = 0;
			defaultConfigurationName = Release;
		};
		A547475B1AAFE0FF004970FF /* Build configuration list for PBXNativeTarget "testTests" */ = {
			isa = XCConfigurationList;
			buildConfigurations = (
				A547475C1AAFE0FF004970FF /* Debug */,
				A547475D1AAFE0FF004970FF /* Release */,
			);
			defaultConfigurationIsVisible = 0;
			defaultConfigurationName = Release;
		};
/* End XCConfigurationList section */

/* Begin XCVersionGroup section */
		A547473C1AAFE0FF004970FF /* test.xcdatamodeld */ = {
			isa = XCVersionGroup;
			children = (
				A547473D1AAFE0FF004970FF /* test.xcdatamodel */,
			);
			currentVersion = A547473D1AAFE0FF004970FF /* test.xcdatamodel */;
			path = test.xcdatamodeld;
			sourceTree = "<group>";
			versionGroupType = wrapper.xcdatamodel;
		};
/* End XCVersionGroup section */
	};
	rootObject = A547472A1AAFE0FF004970FF /* Project object */;
}
